
Microsoft Visual Studio Solution File, Format Version 12.00
# Visual Studio 15
VisualStudioVersion = 15.0.26430.16
MinimumVisualStudioVersion = 10.0.40219.1
Project("{FAE04EC0-301F-11D3-BF4B-00C04F79EFBC}") = "SalaryForm", "Salary.NET\SalaryForm.csproj", "{E77D04B7-5ECD-4C21-8DCA-254F2E3B207C}"
EndProject
Project("{FAE04EC0-301F-11D3-BF4B-00C04F79EFBC}") = "SalaryLibrary", "SalaryLibrary\SalaryLibrary.csproj", "{D5203876-6805-4C4E-A799-6D17E4C011DB}"
EndProject
Project("{FAE04EC0-301F-11D3-BF4B-00C04F79EFBC}") = "SalaryLibraryNUnitTest", "SalaryLibraryNUnitTest\SalaryLibraryNUnitTest.csproj", "{067456C0-086C-46A8-B37F-1405717B7BFC}"
EndProject
Project("{FAE04EC0-301F-11D3-BF4B-00C04F79EFBC}") = "SalaryUWP", "SalaryUWP\SalaryUWP.csproj", "{DDA73094-579F-4360-BCF8-2D2176F6F843}"
EndProject
Project("{930C7802-8A8C-48F9-8165-68863BCCD9DD}") = "SalaryWiXSetup", "SalaryWiXSetup\SalaryWiXSetup.wixproj", "{740A5E29-6233-44A5-AB80-4BE16EC1C1D9}"
EndProject
Global
	GlobalSection(SolutionConfigurationPlatforms) = preSolution
		Ad-Hoc|Any CPU = Ad-Hoc|Any CPU
		Ad-Hoc|ARM = Ad-Hoc|ARM
		Ad-Hoc|ia64 = Ad-Hoc|ia64
		Ad-Hoc|iPhone = Ad-Hoc|iPhone
		Ad-Hoc|iPhoneSimulator = Ad-Hoc|iPhoneSimulator
		Ad-Hoc|x64 = Ad-Hoc|x64
		Ad-Hoc|x86 = Ad-Hoc|x86
		AppStore|Any CPU = AppStore|Any CPU
		AppStore|ARM = AppStore|ARM
		AppStore|ia64 = AppStore|ia64
		AppStore|iPhone = AppStore|iPhone
		AppStore|iPhoneSimulator = AppStore|iPhoneSimulator
		AppStore|x64 = AppStore|x64
		AppStore|x86 = AppStore|x86
		Debug|Any CPU = Debug|Any CPU
		Debug|ARM = Debug|ARM
		Debug|ia64 = Debug|ia64
		Debug|iPhone = Debug|iPhone
		Debug|iPhoneSimulator = Debug|iPhoneSimulator
		Debug|x64 = Debug|x64
		Debug|x86 = Debug|x86
		Release|Any CPU = Release|Any CPU
		Release|ARM = Release|ARM
		Release|ia64 = Release|ia64
		Release|iPhone = Release|iPhone
		Release|iPhoneSimulator = Release|iPhoneSimulator
		Release|x64 = Release|x64
		Release|x86 = Release|x86
	EndGlobalSection
	GlobalSection(ProjectConfigurationPlatforms) = postSolution
		{E77D04B7-5ECD-4C21-8DCA-254F2E3B207C}.Ad-Hoc|Any CPU.ActiveCfg = Release|Any CPU
		{E77D04B7-5ECD-4C21-8DCA-254F2E3B207C}.Ad-Hoc|Any CPU.Build.0 = Release|Any CPU
		{E77D04B7-5ECD-4C21-8DCA-254F2E3B207C}.Ad-Hoc|ARM.ActiveCfg = Release|Any CPU
		{E77D04B7-5ECD-4C21-8DCA-254F2E3B207C}.Ad-Hoc|ARM.Build.0 = Release|Any CPU
		{E77D04B7-5ECD-4C21-8DCA-254F2E3B207C}.Ad-Hoc|ia64.ActiveCfg = Debug|Any CPU
		{E77D04B7-5ECD-4C21-8DCA-254F2E3B207C}.Ad-Hoc|ia64.Build.0 = Debug|Any CPU
		{E77D04B7-5ECD-4C21-8DCA-254F2E3B207C}.Ad-Hoc|iPhone.ActiveCfg = Release|Any CPU
		{E77D04B7-5ECD-4C21-8DCA-254F2E3B207C}.Ad-Hoc|iPhone.Build.0 = Release|Any CPU
		{E77D04B7-5ECD-4C21-8DCA-254F2E3B207C}.Ad-Hoc|iPhoneSimulator.ActiveCfg = Release|Any CPU
		{E77D04B7-5ECD-4C21-8DCA-254F2E3B207C}.Ad-Hoc|iPhoneSimulator.Build.0 = Release|Any CPU
		{E77D04B7-5ECD-4C21-8DCA-254F2E3B207C}.Ad-Hoc|x64.ActiveCfg = Release|Any CPU
		{E77D04B7-5ECD-4C21-8DCA-254F2E3B207C}.Ad-Hoc|x64.Build.0 = Release|Any CPU
		{E77D04B7-5ECD-4C21-8DCA-254F2E3B207C}.Ad-Hoc|x86.ActiveCfg = Release|Any CPU
		{E77D04B7-5ECD-4C21-8DCA-254F2E3B207C}.Ad-Hoc|x86.Build.0 = Release|Any CPU
		{E77D04B7-5ECD-4C21-8DCA-254F2E3B207C}.AppStore|Any CPU.ActiveCfg = Release|Any CPU
		{E77D04B7-5ECD-4C21-8DCA-254F2E3B207C}.AppStore|Any CPU.Build.0 = Release|Any CPU
		{E77D04B7-5ECD-4C21-8DCA-254F2E3B207C}.AppStore|ARM.ActiveCfg = Release|Any CPU
		{E77D04B7-5ECD-4C21-8DCA-254F2E3B207C}.AppStore|ARM.Build.0 = Release|Any CPU
		{E77D04B7-5ECD-4C21-8DCA-254F2E3B207C}.AppStore|ia64.ActiveCfg = Debug|Any CPU
		{E77D04B7-5ECD-4C21-8DCA-254F2E3B207C}.AppStore|ia64.Build.0 = Debug|Any CPU
		{E77D04B7-5ECD-4C21-8DCA-254F2E3B207C}.AppStore|iPhone.ActiveCfg = Release|Any CPU
		{E77D04B7-5ECD-4C21-8DCA-254F2E3B207C}.AppStore|iPhone.Build.0 = Release|Any CPU
		{E77D04B7-5ECD-4C21-8DCA-254F2E3B207C}.AppStore|iPhoneSimulator.ActiveCfg = Release|Any CPU
		{E77D04B7-5ECD-4C21-8DCA-254F2E3B207C}.AppStore|iPhoneSimulator.Build.0 = Release|Any CPU
		{E77D04B7-5ECD-4C21-8DCA-254F2E3B207C}.AppStore|x64.ActiveCfg = Release|Any CPU
		{E77D04B7-5ECD-4C21-8DCA-254F2E3B207C}.AppStore|x64.Build.0 = Release|Any CPU
		{E77D04B7-5ECD-4C21-8DCA-254F2E3B207C}.AppStore|x86.ActiveCfg = Release|Any CPU
		{E77D04B7-5ECD-4C21-8DCA-254F2E3B207C}.AppStore|x86.Build.0 = Release|Any CPU
		{E77D04B7-5ECD-4C21-8DCA-254F2E3B207C}.Debug|Any CPU.ActiveCfg = Debug|Any CPU
		{E77D04B7-5ECD-4C21-8DCA-254F2E3B207C}.Debug|Any CPU.Build.0 = Debug|Any CPU
		{E77D04B7-5ECD-4C21-8DCA-254F2E3B207C}.Debug|ARM.ActiveCfg = Debug|Any CPU
		{E77D04B7-5ECD-4C21-8DCA-254F2E3B207C}.Debug|ARM.Build.0 = Debug|Any CPU
		{E77D04B7-5ECD-4C21-8DCA-254F2E3B207C}.Debug|ia64.ActiveCfg = Debug|Any CPU
		{E77D04B7-5ECD-4C21-8DCA-254F2E3B207C}.Debug|ia64.Build.0 = Debug|Any CPU
		{E77D04B7-5ECD-4C21-8DCA-254F2E3B207C}.Debug|iPhone.ActiveCfg = Debug|Any CPU
		{E77D04B7-5ECD-4C21-8DCA-254F2E3B207C}.Debug|iPhone.Build.0 = Debug|Any CPU
		{E77D04B7-5ECD-4C21-8DCA-254F2E3B207C}.Debug|iPhoneSimulator.ActiveCfg = Debug|Any CPU
		{E77D04B7-5ECD-4C21-8DCA-254F2E3B207C}.Debug|iPhoneSimulator.Build.0 = Debug|Any CPU
		{E77D04B7-5ECD-4C21-8DCA-254F2E3B207C}.Debug|x64.ActiveCfg = Debug|x64
		{E77D04B7-5ECD-4C21-8DCA-254F2E3B207C}.Debug|x64.Build.0 = Debug|x64
		{E77D04B7-5ECD-4C21-8DCA-254F2E3B207C}.Debug|x86.ActiveCfg = Debug|Any CPU
		{E77D04B7-5ECD-4C21-8DCA-254F2E3B207C}.Debug|x86.Build.0 = Debug|Any CPU
		{E77D04B7-5ECD-4C21-8DCA-254F2E3B207C}.Release|Any CPU.ActiveCfg = Release|Any CPU
		{E77D04B7-5ECD-4C21-8DCA-254F2E3B207C}.Release|Any CPU.Build.0 = Release|Any CPU
		{E77D04B7-5ECD-4C21-8DCA-254F2E3B207C}.Release|ARM.ActiveCfg = Release|Any CPU
		{E77D04B7-5ECD-4C21-8DCA-254F2E3B207C}.Release|ARM.Build.0 = Release|Any CPU
		{E77D04B7-5ECD-4C21-8DCA-254F2E3B207C}.Release|ia64.ActiveCfg = Release|Any CPU
		{E77D04B7-5ECD-4C21-8DCA-254F2E3B207C}.Release|ia64.Build.0 = Release|Any CPU
		{E77D04B7-5ECD-4C21-8DCA-254F2E3B207C}.Release|iPhone.ActiveCfg = Release|Any CPU
		{E77D04B7-5ECD-4C21-8DCA-254F2E3B207C}.Release|iPhone.Build.0 = Release|Any CPU
		{E77D04B7-5ECD-4C21-8DCA-254F2E3B207C}.Release|iPhoneSimulator.ActiveCfg = Release|Any CPU
		{E77D04B7-5ECD-4C21-8DCA-254F2E3B207C}.Release|iPhoneSimulator.Build.0 = Release|Any CPU
		{E77D04B7-5ECD-4C21-8DCA-254F2E3B207C}.Release|x64.ActiveCfg = Release|x64
		{E77D04B7-5ECD-4C21-8DCA-254F2E3B207C}.Release|x64.Build.0 = Release|x64
		{E77D04B7-5ECD-4C21-8DCA-254F2E3B207C}.Release|x86.ActiveCfg = Release|Any CPU
		{E77D04B7-5ECD-4C21-8DCA-254F2E3B207C}.Release|x86.Build.0 = Release|Any CPU
		{D5203876-6805-4C4E-A799-6D17E4C011DB}.Ad-Hoc|Any CPU.ActiveCfg = Release|Any CPU
		{D5203876-6805-4C4E-A799-6D17E4C011DB}.Ad-Hoc|Any CPU.Build.0 = Release|Any CPU
		{D5203876-6805-4C4E-A799-6D17E4C011DB}.Ad-Hoc|ARM.ActiveCfg = Release|Any CPU
		{D5203876-6805-4C4E-A799-6D17E4C011DB}.Ad-Hoc|ARM.Build.0 = Release|Any CPU
		{D5203876-6805-4C4E-A799-6D17E4C011DB}.Ad-Hoc|ia64.ActiveCfg = Debug|Any CPU
		{D5203876-6805-4C4E-A799-6D17E4C011DB}.Ad-Hoc|ia64.Build.0 = Debug|Any CPU
		{D5203876-6805-4C4E-A799-6D17E4C011DB}.Ad-Hoc|iPhone.ActiveCfg = Release|Any CPU
		{D5203876-6805-4C4E-A799-6D17E4C011DB}.Ad-Hoc|iPhone.Build.0 = Release|Any CPU
		{D5203876-6805-4C4E-A799-6D17E4C011DB}.Ad-Hoc|iPhoneSimulator.ActiveCfg = Release|Any CPU
		{D5203876-6805-4C4E-A799-6D17E4C011DB}.Ad-Hoc|iPhoneSimulator.Build.0 = Release|Any CPU
		{D5203876-6805-4C4E-A799-6D17E4C011DB}.Ad-Hoc|x64.ActiveCfg = Release|Any CPU
		{D5203876-6805-4C4E-A799-6D17E4C011DB}.Ad-Hoc|x64.Build.0 = Release|Any CPU
		{D5203876-6805-4C4E-A799-6D17E4C011DB}.Ad-Hoc|x86.ActiveCfg = Release|Any CPU
		{D5203876-6805-4C4E-A799-6D17E4C011DB}.Ad-Hoc|x86.Build.0 = Release|Any CPU
		{D5203876-6805-4C4E-A799-6D17E4C011DB}.AppStore|Any CPU.ActiveCfg = Release|Any CPU
		{D5203876-6805-4C4E-A799-6D17E4C011DB}.AppStore|Any CPU.Build.0 = Release|Any CPU
		{D5203876-6805-4C4E-A799-6D17E4C011DB}.AppStore|ARM.ActiveCfg = Release|Any CPU
		{D5203876-6805-4C4E-A799-6D17E4C011DB}.AppStore|ARM.Build.0 = Release|Any CPU
		{D5203876-6805-4C4E-A799-6D17E4C011DB}.AppStore|ia64.ActiveCfg = Debug|Any CPU
		{D5203876-6805-4C4E-A799-6D17E4C011DB}.AppStore|ia64.Build.0 = Debug|Any CPU
		{D5203876-6805-4C4E-A799-6D17E4C011DB}.AppStore|iPhone.ActiveCfg = Release|Any CPU
		{D5203876-6805-4C4E-A799-6D17E4C011DB}.AppStore|iPhone.Build.0 = Release|Any CPU
		{D5203876-6805-4C4E-A799-6D17E4C011DB}.AppStore|iPhoneSimulator.ActiveCfg = Release|Any CPU
		{D5203876-6805-4C4E-A799-6D17E4C011DB}.AppStore|iPhoneSimulator.Build.0 = Release|Any CPU
		{D5203876-6805-4C4E-A799-6D17E4C011DB}.AppStore|x64.ActiveCfg = Release|Any CPU
		{D5203876-6805-4C4E-A799-6D17E4C011DB}.AppStore|x64.Build.0 = Release|Any CPU
		{D5203876-6805-4C4E-A799-6D17E4C011DB}.AppStore|x86.ActiveCfg = Release|Any CPU
		{D5203876-6805-4C4E-A799-6D17E4C011DB}.AppStore|x86.Build.0 = Release|Any CPU
		{D5203876-6805-4C4E-A799-6D17E4C011DB}.Debug|Any CPU.ActiveCfg = Debug|Any CPU
		{D5203876-6805-4C4E-A799-6D17E4C011DB}.Debug|Any CPU.Build.0 = Debug|Any CPU
		{D5203876-6805-4C4E-A799-6D17E4C011DB}.Debug|ARM.ActiveCfg = Debug|Any CPU
		{D5203876-6805-4C4E-A799-6D17E4C011DB}.Debug|ARM.Build.0 = Debug|Any CPU
		{D5203876-6805-4C4E-A799-6D17E4C011DB}.Debug|ia64.ActiveCfg = Debug|Any CPU
		{D5203876-6805-4C4E-A799-6D17E4C011DB}.Debug|ia64.Build.0 = Debug|Any CPU
		{D5203876-6805-4C4E-A799-6D17E4C011DB}.Debug|iPhone.ActiveCfg = Debug|Any CPU
		{D5203876-6805-4C4E-A799-6D17E4C011DB}.Debug|iPhone.Build.0 = Debug|Any CPU
		{D5203876-6805-4C4E-A799-6D17E4C011DB}.Debug|iPhoneSimulator.ActiveCfg = Debug|Any CPU
		{D5203876-6805-4C4E-A799-6D17E4C011DB}.Debug|iPhoneSimulator.Build.0 = Debug|Any CPU
		{D5203876-6805-4C4E-A799-6D17E4C011DB}.Debug|x64.ActiveCfg = Debug|x64
		{D5203876-6805-4C4E-A799-6D17E4C011DB}.Debug|x64.Build.0 = Debug|x64
		{D5203876-6805-4C4E-A799-6D17E4C011DB}.Debug|x86.ActiveCfg = Debug|Any CPU
		{D5203876-6805-4C4E-A799-6D17E4C011DB}.Debug|x86.Build.0 = Debug|Any CPU
		{D5203876-6805-4C4E-A799-6D17E4C011DB}.Release|Any CPU.ActiveCfg = Release|Any CPU
		{D5203876-6805-4C4E-A799-6D17E4C011DB}.Release|Any CPU.Build.0 = Release|Any CPU
		{D5203876-6805-4C4E-A799-6D17E4C011DB}.Release|ARM.ActiveCfg = Release|Any CPU
		{D5203876-6805-4C4E-A799-6D17E4C011DB}.Release|ARM.Build.0 = Release|Any CPU
		{D5203876-6805-4C4E-A799-6D17E4C011DB}.Release|ia64.ActiveCfg = Release|Any CPU
		{D5203876-6805-4C4E-A799-6D17E4C011DB}.Release|ia64.Build.0 = Release|Any CPU
		{D5203876-6805-4C4E-A799-6D17E4C011DB}.Release|iPhone.ActiveCfg = Release|Any CPU
		{D5203876-6805-4C4E-A799-6D17E4C011DB}.Release|iPhone.Build.0 = Release|Any CPU
		{D5203876-6805-4C4E-A799-6D17E4C011DB}.Release|iPhoneSimulator.ActiveCfg = Release|Any CPU
		{D5203876-6805-4C4E-A799-6D17E4C011DB}.Release|iPhoneSimulator.Build.0 = Release|Any CPU
		{D5203876-6805-4C4E-A799-6D17E4C011DB}.Release|x64.ActiveCfg = Release|x64
		{D5203876-6805-4C4E-A799-6D17E4C011DB}.Release|x64.Build.0 = Release|x64
		{D5203876-6805-4C4E-A799-6D17E4C011DB}.Release|x86.ActiveCfg = Release|Any CPU
		{D5203876-6805-4C4E-A799-6D17E4C011DB}.Release|x86.Build.0 = Release|Any CPU
		{067456C0-086C-46A8-B37F-1405717B7BFC}.Ad-Hoc|Any CPU.ActiveCfg = Release|Any CPU
		{067456C0-086C-46A8-B37F-1405717B7BFC}.Ad-Hoc|Any CPU.Build.0 = Release|Any CPU
		{067456C0-086C-46A8-B37F-1405717B7BFC}.Ad-Hoc|ARM.ActiveCfg = Release|Any CPU
		{067456C0-086C-46A8-B37F-1405717B7BFC}.Ad-Hoc|ARM.Build.0 = Release|Any CPU
		{067456C0-086C-46A8-B37F-1405717B7BFC}.Ad-Hoc|ia64.ActiveCfg = Debug|Any CPU
		{067456C0-086C-46A8-B37F-1405717B7BFC}.Ad-Hoc|ia64.Build.0 = Debug|Any CPU
		{067456C0-086C-46A8-B37F-1405717B7BFC}.Ad-Hoc|iPhone.ActiveCfg = Release|Any CPU
		{067456C0-086C-46A8-B37F-1405717B7BFC}.Ad-Hoc|iPhone.Build.0 = Release|Any CPU
		{067456C0-086C-46A8-B37F-1405717B7BFC}.Ad-Hoc|iPhoneSimulator.ActiveCfg = Release|Any CPU
		{067456C0-086C-46A8-B37F-1405717B7BFC}.Ad-Hoc|iPhoneSimulator.Build.0 = Release|Any CPU
		{067456C0-086C-46A8-B37F-1405717B7BFC}.Ad-Hoc|x64.ActiveCfg = Release|Any CPU
		{067456C0-086C-46A8-B37F-1405717B7BFC}.Ad-Hoc|x64.Build.0 = Release|Any CPU
		{067456C0-086C-46A8-B37F-1405717B7BFC}.Ad-Hoc|x86.ActiveCfg = Release|Any CPU
		{067456C0-086C-46A8-B37F-1405717B7BFC}.Ad-Hoc|x86.Build.0 = Release|Any CPU
		{067456C0-086C-46A8-B37F-1405717B7BFC}.AppStore|Any CPU.ActiveCfg = Release|Any CPU
		{067456C0-086C-46A8-B37F-1405717B7BFC}.AppStore|Any CPU.Build.0 = Release|Any CPU
		{067456C0-086C-46A8-B37F-1405717B7BFC}.AppStore|ARM.ActiveCfg = Release|Any CPU
		{067456C0-086C-46A8-B37F-1405717B7BFC}.AppStore|ARM.Build.0 = Release|Any CPU
		{067456C0-086C-46A8-B37F-1405717B7BFC}.AppStore|ia64.ActiveCfg = Debug|Any CPU
		{067456C0-086C-46A8-B37F-1405717B7BFC}.AppStore|ia64.Build.0 = Debug|Any CPU
		{067456C0-086C-46A8-B37F-1405717B7BFC}.AppStore|iPhone.ActiveCfg = Release|Any CPU
		{067456C0-086C-46A8-B37F-1405717B7BFC}.AppStore|iPhone.Build.0 = Release|Any CPU
		{067456C0-086C-46A8-B37F-1405717B7BFC}.AppStore|iPhoneSimulator.ActiveCfg = Release|Any CPU
		{067456C0-086C-46A8-B37F-1405717B7BFC}.AppStore|iPhoneSimulator.Build.0 = Release|Any CPU
		{067456C0-086C-46A8-B37F-1405717B7BFC}.AppStore|x64.ActiveCfg = Release|Any CPU
		{067456C0-086C-46A8-B37F-1405717B7BFC}.AppStore|x64.Build.0 = Release|Any CPU
		{067456C0-086C-46A8-B37F-1405717B7BFC}.AppStore|x86.ActiveCfg = Release|Any CPU
		{067456C0-086C-46A8-B37F-1405717B7BFC}.AppStore|x86.Build.0 = Release|Any CPU
		{067456C0-086C-46A8-B37F-1405717B7BFC}.Debug|Any CPU.ActiveCfg = Debug|Any CPU
		{067456C0-086C-46A8-B37F-1405717B7BFC}.Debug|Any CPU.Build.0 = Debug|Any CPU
		{067456C0-086C-46A8-B37F-1405717B7BFC}.Debug|ARM.ActiveCfg = Debug|Any CPU
		{067456C0-086C-46A8-B37F-1405717B7BFC}.Debug|ARM.Build.0 = Debug|Any CPU
		{067456C0-086C-46A8-B37F-1405717B7BFC}.Debug|ia64.ActiveCfg = Debug|Any CPU
		{067456C0-086C-46A8-B37F-1405717B7BFC}.Debug|ia64.Build.0 = Debug|Any CPU
		{067456C0-086C-46A8-B37F-1405717B7BFC}.Debug|iPhone.ActiveCfg = Debug|Any CPU
		{067456C0-086C-46A8-B37F-1405717B7BFC}.Debug|iPhone.Build.0 = Debug|Any CPU
		{067456C0-086C-46A8-B37F-1405717B7BFC}.Debug|iPhoneSimulator.ActiveCfg = Debug|Any CPU
		{067456C0-086C-46A8-B37F-1405717B7BFC}.Debug|iPhoneSimulator.Build.0 = Debug|Any CPU
		{067456C0-086C-46A8-B37F-1405717B7BFC}.Debug|x64.ActiveCfg = Debug|x64
		{067456C0-086C-46A8-B37F-1405717B7BFC}.Debug|x64.Build.0 = Debug|x64
		{067456C0-086C-46A8-B37F-1405717B7BFC}.Debug|x86.ActiveCfg = Debug|Any CPU
		{067456C0-086C-46A8-B37F-1405717B7BFC}.Debug|x86.Build.0 = Debug|Any CPU
		{067456C0-086C-46A8-B37F-1405717B7BFC}.Release|Any CPU.ActiveCfg = Release|Any CPU
		{067456C0-086C-46A8-B37F-1405717B7BFC}.Release|Any CPU.Build.0 = Release|Any CPU
		{067456C0-086C-46A8-B37F-1405717B7BFC}.Release|ARM.ActiveCfg = Release|Any CPU
		{067456C0-086C-46A8-B37F-1405717B7BFC}.Release|ARM.Build.0 = Release|Any CPU
		{067456C0-086C-46A8-B37F-1405717B7BFC}.Release|ia64.ActiveCfg = Release|Any CPU
		{067456C0-086C-46A8-B37F-1405717B7BFC}.Release|ia64.Build.0 = Release|Any CPU
		{067456C0-086C-46A8-B37F-1405717B7BFC}.Release|iPhone.ActiveCfg = Release|Any CPU
		{067456C0-086C-46A8-B37F-1405717B7BFC}.Release|iPhone.Build.0 = Release|Any CPU
		{067456C0-086C-46A8-B37F-1405717B7BFC}.Release|iPhoneSimulator.ActiveCfg = Release|Any CPU
		{067456C0-086C-46A8-B37F-1405717B7BFC}.Release|iPhoneSimulator.Build.0 = Release|Any CPU
		{067456C0-086C-46A8-B37F-1405717B7BFC}.Release|x64.ActiveCfg = Release|x64
		{067456C0-086C-46A8-B37F-1405717B7BFC}.Release|x64.Build.0 = Release|x64
		{067456C0-086C-46A8-B37F-1405717B7BFC}.Release|x86.ActiveCfg = Release|Any CPU
		{067456C0-086C-46A8-B37F-1405717B7BFC}.Release|x86.Build.0 = Release|Any CPU
		{DDA73094-579F-4360-BCF8-2D2176F6F843}.Ad-Hoc|Any CPU.ActiveCfg = Release|x64
		{DDA73094-579F-4360-BCF8-2D2176F6F843}.Ad-Hoc|Any CPU.Build.0 = Release|x64
		{DDA73094-579F-4360-BCF8-2D2176F6F843}.Ad-Hoc|Any CPU.Deploy.0 = Release|x64
		{DDA73094-579F-4360-BCF8-2D2176F6F843}.Ad-Hoc|ARM.ActiveCfg = Release|ARM
		{DDA73094-579F-4360-BCF8-2D2176F6F843}.Ad-Hoc|ARM.Build.0 = Release|ARM
		{DDA73094-579F-4360-BCF8-2D2176F6F843}.Ad-Hoc|ARM.Deploy.0 = Release|ARM
		{DDA73094-579F-4360-BCF8-2D2176F6F843}.Ad-Hoc|ia64.ActiveCfg = Debug|x64
		{DDA73094-579F-4360-BCF8-2D2176F6F843}.Ad-Hoc|ia64.Build.0 = Debug|x64
		{DDA73094-579F-4360-BCF8-2D2176F6F843}.Ad-Hoc|ia64.Deploy.0 = Debug|x64
		{DDA73094-579F-4360-BCF8-2D2176F6F843}.Ad-Hoc|iPhone.ActiveCfg = Release|x64
		{DDA73094-579F-4360-BCF8-2D2176F6F843}.Ad-Hoc|iPhone.Build.0 = Release|x64
		{DDA73094-579F-4360-BCF8-2D2176F6F843}.Ad-Hoc|iPhone.Deploy.0 = Release|x64
		{DDA73094-579F-4360-BCF8-2D2176F6F843}.Ad-Hoc|iPhoneSimulator.ActiveCfg = Release|x64
		{DDA73094-579F-4360-BCF8-2D2176F6F843}.Ad-Hoc|iPhoneSimulator.Build.0 = Release|x64
		{DDA73094-579F-4360-BCF8-2D2176F6F843}.Ad-Hoc|iPhoneSimulator.Deploy.0 = Release|x64
		{DDA73094-579F-4360-BCF8-2D2176F6F843}.Ad-Hoc|x64.ActiveCfg = Release|x64
		{DDA73094-579F-4360-BCF8-2D2176F6F843}.Ad-Hoc|x64.Build.0 = Release|x64
		{DDA73094-579F-4360-BCF8-2D2176F6F843}.Ad-Hoc|x64.Deploy.0 = Release|x64
		{DDA73094-579F-4360-BCF8-2D2176F6F843}.Ad-Hoc|x86.ActiveCfg = Release|x86
		{DDA73094-579F-4360-BCF8-2D2176F6F843}.Ad-Hoc|x86.Build.0 = Release|x86
		{DDA73094-579F-4360-BCF8-2D2176F6F843}.Ad-Hoc|x86.Deploy.0 = Release|x86
		{DDA73094-579F-4360-BCF8-2D2176F6F843}.AppStore|Any CPU.ActiveCfg = Release|x64
		{DDA73094-579F-4360-BCF8-2D2176F6F843}.AppStore|Any CPU.Build.0 = Release|x64
		{DDA73094-579F-4360-BCF8-2D2176F6F843}.AppStore|Any CPU.Deploy.0 = Release|x64
		{DDA73094-579F-4360-BCF8-2D2176F6F843}.AppStore|ARM.ActiveCfg = Release|ARM
		{DDA73094-579F-4360-BCF8-2D2176F6F843}.AppStore|ARM.Build.0 = Release|ARM
		{DDA73094-579F-4360-BCF8-2D2176F6F843}.AppStore|ARM.Deploy.0 = Release|ARM
		{DDA73094-579F-4360-BCF8-2D2176F6F843}.AppStore|ia64.ActiveCfg = Debug|x64
		{DDA73094-579F-4360-BCF8-2D2176F6F843}.AppStore|ia64.Build.0 = Debug|x64
		{DDA73094-579F-4360-BCF8-2D2176F6F843}.AppStore|ia64.Deploy.0 = Debug|x64
		{DDA73094-579F-4360-BCF8-2D2176F6F843}.AppStore|iPhone.ActiveCfg = Release|x64
		{DDA73094-579F-4360-BCF8-2D2176F6F843}.AppStore|iPhone.Build.0 = Release|x64
		{DDA73094-579F-4360-BCF8-2D2176F6F843}.AppStore|iPhone.Deploy.0 = Release|x64
		{DDA73094-579F-4360-BCF8-2D2176F6F843}.AppStore|iPhoneSimulator.ActiveCfg = Release|x64
		{DDA73094-579F-4360-BCF8-2D2176F6F843}.AppStore|iPhoneSimulator.Build.0 = Release|x64
		{DDA73094-579F-4360-BCF8-2D2176F6F843}.AppStore|iPhoneSimulator.Deploy.0 = Release|x64
		{DDA73094-579F-4360-BCF8-2D2176F6F843}.AppStore|x64.ActiveCfg = Release|x64
		{DDA73094-579F-4360-BCF8-2D2176F6F843}.AppStore|x64.Build.0 = Release|x64
		{DDA73094-579F-4360-BCF8-2D2176F6F843}.AppStore|x64.Deploy.0 = Release|x64
		{DDA73094-579F-4360-BCF8-2D2176F6F843}.AppStore|x86.ActiveCfg = Release|x86
		{DDA73094-579F-4360-BCF8-2D2176F6F843}.AppStore|x86.Build.0 = Release|x86
		{DDA73094-579F-4360-BCF8-2D2176F6F843}.AppStore|x86.Deploy.0 = Release|x86
		{DDA73094-579F-4360-BCF8-2D2176F6F843}.Debug|Any CPU.ActiveCfg = Debug|x86
		{DDA73094-579F-4360-BCF8-2D2176F6F843}.Debug|ARM.ActiveCfg = Debug|ARM
		{DDA73094-579F-4360-BCF8-2D2176F6F843}.Debug|ARM.Build.0 = Debug|ARM
		{DDA73094-579F-4360-BCF8-2D2176F6F843}.Debug|ARM.Deploy.0 = Debug|ARM
		{DDA73094-579F-4360-BCF8-2D2176F6F843}.Debug|ia64.ActiveCfg = Debug|x64
		{DDA73094-579F-4360-BCF8-2D2176F6F843}.Debug|ia64.Build.0 = Debug|x64
		{DDA73094-579F-4360-BCF8-2D2176F6F843}.Debug|iPhone.ActiveCfg = Debug|x86
		{DDA73094-579F-4360-BCF8-2D2176F6F843}.Debug|iPhoneSimulator.ActiveCfg = Debug|x86
		{DDA73094-579F-4360-BCF8-2D2176F6F843}.Debug|x64.ActiveCfg = Debug|x64
		{DDA73094-579F-4360-BCF8-2D2176F6F843}.Debug|x64.Build.0 = Debug|x64
		{DDA73094-579F-4360-BCF8-2D2176F6F843}.Debug|x64.Deploy.0 = Debug|x64
		{DDA73094-579F-4360-BCF8-2D2176F6F843}.Debug|x86.ActiveCfg = Debug|x86
		{DDA73094-579F-4360-BCF8-2D2176F6F843}.Debug|x86.Build.0 = Debug|x86
		{DDA73094-579F-4360-BCF8-2D2176F6F843}.Debug|x86.Deploy.0 = Debug|x86
		{DDA73094-579F-4360-BCF8-2D2176F6F843}.Release|Any CPU.ActiveCfg = Release|x86
		{DDA73094-579F-4360-BCF8-2D2176F6F843}.Release|ARM.ActiveCfg = Release|ARM
		{DDA73094-579F-4360-BCF8-2D2176F6F843}.Release|ARM.Build.0 = Release|ARM
		{DDA73094-579F-4360-BCF8-2D2176F6F843}.Release|ARM.Deploy.0 = Release|ARM
		{DDA73094-579F-4360-BCF8-2D2176F6F843}.Release|ia64.ActiveCfg = Release|x86
		{DDA73094-579F-4360-BCF8-2D2176F6F843}.Release|iPhone.ActiveCfg = Release|x86
		{DDA73094-579F-4360-BCF8-2D2176F6F843}.Release|iPhoneSimulator.ActiveCfg = Release|x86
		{DDA73094-579F-4360-BCF8-2D2176F6F843}.Release|x64.ActiveCfg = Release|x64
		{DDA73094-579F-4360-BCF8-2D2176F6F843}.Release|x64.Build.0 = Release|x64
		{DDA73094-579F-4360-BCF8-2D2176F6F843}.Release|x64.Deploy.0 = Release|x64
		{DDA73094-579F-4360-BCF8-2D2176F6F843}.Release|x86.ActiveCfg = Release|x86
		{DDA73094-579F-4360-BCF8-2D2176F6F843}.Release|x86.Build.0 = Release|x86
		{DDA73094-579F-4360-BCF8-2D2176F6F843}.Release|x86.Deploy.0 = Release|x86
		{740A5E29-6233-44A5-AB80-4BE16EC1C1D9}.Ad-Hoc|Any CPU.ActiveCfg = Release|x86
		{740A5E29-6233-44A5-AB80-4BE16EC1C1D9}.Ad-Hoc|Any CPU.Build.0 = Release|x86
		{740A5E29-6233-44A5-AB80-4BE16EC1C1D9}.Ad-Hoc|ARM.ActiveCfg = Release|x86
		{740A5E29-6233-44A5-AB80-4BE16EC1C1D9}.Ad-Hoc|ARM.Build.0 = Release|x86
		{740A5E29-6233-44A5-AB80-4BE16EC1C1D9}.Ad-Hoc|ia64.ActiveCfg = Debug|x86
		{740A5E29-6233-44A5-AB80-4BE16EC1C1D9}.Ad-Hoc|ia64.Build.0 = Debug|x86
		{740A5E29-6233-44A5-AB80-4BE16EC1C1D9}.Ad-Hoc|iPhone.ActiveCfg = Release|x86
		{740A5E29-6233-44A5-AB80-4BE16EC1C1D9}.Ad-Hoc|iPhone.Build.0 = Release|x86
		{740A5E29-6233-44A5-AB80-4BE16EC1C1D9}.Ad-Hoc|iPhoneSimulator.ActiveCfg = Release|x86
		{740A5E29-6233-44A5-AB80-4BE16EC1C1D9}.Ad-Hoc|iPhoneSimulator.Build.0 = Release|x86
		{740A5E29-6233-44A5-AB80-4BE16EC1C1D9}.Ad-Hoc|x64.ActiveCfg = Release|x86
		{740A5E29-6233-44A5-AB80-4BE16EC1C1D9}.Ad-Hoc|x64.Build.0 = Release|x86
		{740A5E29-6233-44A5-AB80-4BE16EC1C1D9}.Ad-Hoc|x86.ActiveCfg = Release|x86
		{740A5E29-6233-44A5-AB80-4BE16EC1C1D9}.Ad-Hoc|x86.Build.0 = Release|x86
		{740A5E29-6233-44A5-AB80-4BE16EC1C1D9}.AppStore|Any CPU.ActiveCfg = Release|x86
		{740A5E29-6233-44A5-AB80-4BE16EC1C1D9}.AppStore|Any CPU.Build.0 = Release|x86
		{740A5E29-6233-44A5-AB80-4BE16EC1C1D9}.AppStore|ARM.ActiveCfg = Release|x86
		{740A5E29-6233-44A5-AB80-4BE16EC1C1D9}.AppStore|ARM.Build.0 = Release|x86
		{740A5E29-6233-44A5-AB80-4BE16EC1C1D9}.AppStore|ia64.ActiveCfg = Debug|x86
		{740A5E29-6233-44A5-AB80-4BE16EC1C1D9}.AppStore|ia64.Build.0 = Debug|x86
		{740A5E29-6233-44A5-AB80-4BE16EC1C1D9}.AppStore|iPhone.ActiveCfg = Release|x86
		{740A5E29-6233-44A5-AB80-4BE16EC1C1D9}.AppStore|iPhone.Build.0 = Release|x86
		{740A5E29-6233-44A5-AB80-4BE16EC1C1D9}.AppStore|iPhoneSimulator.ActiveCfg = Release|x86
		{740A5E29-6233-44A5-AB80-4BE16EC1C1D9}.AppStore|iPhoneSimulator.Build.0 = Release|x86
		{740A5E29-6233-44A5-AB80-4BE16EC1C1D9}.AppStore|x64.ActiveCfg = Release|x86
		{740A5E29-6233-44A5-AB80-4BE16EC1C1D9}.AppStore|x64.Build.0 = Release|x86
		{740A5E29-6233-44A5-AB80-4BE16EC1C1D9}.AppStore|x86.ActiveCfg = Release|x86
		{740A5E29-6233-44A5-AB80-4BE16EC1C1D9}.AppStore|x86.Build.0 = Release|x86
		{740A5E29-6233-44A5-AB80-4BE16EC1C1D9}.Debug|Any CPU.ActiveCfg = Debug|x86
		{740A5E29-6233-44A5-AB80-4BE16EC1C1D9}.Debug|ARM.ActiveCfg = Debug|x86
		{740A5E29-6233-44A5-AB80-4BE16EC1C1D9}.Debug|ia64.ActiveCfg = Debug|x86
		{740A5E29-6233-44A5-AB80-4BE16EC1C1D9}.Debug|iPhone.ActiveCfg = Debug|x86
		{740A5E29-6233-44A5-AB80-4BE16EC1C1D9}.Debug|iPhoneSimulator.ActiveCfg = Debug|x86
		{740A5E29-6233-44A5-AB80-4BE16EC1C1D9}.Debug|x64.ActiveCfg = Debug|x64
		{740A5E29-6233-44A5-AB80-4BE16EC1C1D9}.Debug|x64.Build.0 = Debug|x64
		{740A5E29-6233-44A5-AB80-4BE16EC1C1D9}.Debug|x86.ActiveCfg = Debug|x86
		{740A5E29-6233-44A5-AB80-4BE16EC1C1D9}.Debug|x86.Build.0 = Debug|x86
		{740A5E29-6233-44A5-AB80-4BE16EC1C1D9}.Release|Any CPU.ActiveCfg = Release|x86
		{740A5E29-6233-44A5-AB80-4BE16EC1C1D9}.Release|ARM.ActiveCfg = Release|x86
		{740A5E29-6233-44A5-AB80-4BE16EC1C1D9}.Release|ia64.ActiveCfg = Release|x86
		{740A5E29-6233-44A5-AB80-4BE16EC1C1D9}.Release|iPhone.ActiveCfg = Release|x86
		{740A5E29-6233-44A5-AB80-4BE16EC1C1D9}.Release|iPhoneSimulator.ActiveCfg = Release|x86
		{740A5E29-6233-44A5-AB80-4BE16EC1C1D9}.Release|x64.ActiveCfg = Release|x64
		{740A5E29-6233-44A5-AB80-4BE16EC1C1D9}.Release|x64.Build.0 = Release|x64
		{740A5E29-6233-44A5-AB80-4BE16EC1C1D9}.Release|x86.ActiveCfg = Release|x86
		{740A5E29-6233-44A5-AB80-4BE16EC1C1D9}.Release|x86.Build.0 = Release|x86
	EndGlobalSection
	GlobalSection(SolutionProperties) = preSolution
		HideSolutionNode = FALSE
	EndGlobalSection
EndGlobal
